
Microsoft Visual Studio Solution File, Format Version 12.00
# Visual Studio Version 17
VisualStudioVersion = 17.9.34728.123
MinimumVisualStudioVersion = 10.0.40219.1
Project("{FAE04EC0-301F-11D3-BF4B-00C04F79EFBC}") = "celloveszetCLI", "celloveszetCLI\celloveszetCLI.csproj", "{E140F358-2406-4B38-BFF2-143B88FEBD53}"
EndProject
Global
	GlobalSection(SolutionConfigurationPlatforms) = preSolution
		Debug|Any CPU = Debug|Any CPU
		Release|Any CPU = Release|Any CPU
	EndGlobalSection
	GlobalSection(ProjectConfigurationPlatforms) = postSolution
		{E140F358-2406-4B38-BFF2-143B88FEBD53}.Debug|Any CPU.ActiveCfg = Debug|Any CPU
		{E140F358-2406-4B38-BFF2-143B88FEBD53}.Debug|Any CPU.Build.0 = Debug|Any CPU
		{E140F358-2406-4B38-BFF2-143B88FEBD53}.Release|Any CPU.ActiveCfg = Release|Any CPU
		{E140F358-2406-4B38-BFF2-143B88FEBD53}.Release|Any CPU.Build.0 = Release|Any CPU
	EndGlobalSection
	GlobalSection(SolutionProperties) = preSolution
		HideSolutionNode = FALSE
	EndGlobalSection
	GlobalSection(ExtensibilityGlobals) = postSolution
		SolutionGuid = {ADFBF5E2-1BE9-4410-B0CB-4FFA5360A033}
	EndGlobalSection
EndGlobal
